
Microsoft Visual Studio Solution File, Format Version 12.00
Project("{FAE04EC0-301F-11D3-BF4B-00C04F79EFBC}") = "emr", "emr\emr.csproj", "{0D53B45F-B114-45FF-99CC-A1FA1721910B}"
EndProject
Project("{FAE04EC0-301F-11D3-BF4B-00C04F79EFBC}") = "emr.Tests", "emr.Tests\emr.Tests.csproj", "{31DC491E-B002-4C77-9E86-B736043933AB}"
EndProject
Global
	GlobalSection(SolutionConfigurationPlatforms) = preSolution
		Debug|Any CPU = Debug|Any CPU
		Release|Any CPU = Release|Any CPU
	EndGlobalSection
	GlobalSection(ProjectConfigurationPlatforms) = postSolution
		{0D53B45F-B114-45FF-99CC-A1FA1721910B}.Debug|Any CPU.ActiveCfg = Debug|Any CPU
		{0D53B45F-B114-45FF-99CC-A1FA1721910B}.Debug|Any CPU.Build.0 = Debug|Any CPU
		{0D53B45F-B114-45FF-99CC-A1FA1721910B}.Release|Any CPU.ActiveCfg = Release|Any CPU
		{0D53B45F-B114-45FF-99CC-A1FA1721910B}.Release|Any CPU.Build.0 = Release|Any CPU
		{31DC491E-B002-4C77-9E86-B736043933AB}.Debug|Any CPU.ActiveCfg = Debug|Any CPU
		{31DC491E-B002-4C77-9E86-B736043933AB}.Debug|Any CPU.Build.0 = Debug|Any CPU
		{31DC491E-B002-4C77-9E86-B736043933AB}.Release|Any CPU.ActiveCfg = Release|Any CPU
		{31DC491E-B002-4C77-9E86-B736043933AB}.Release|Any CPU.Build.0 = Release|Any CPU
	EndGlobalSection
EndGlobal
